
Microsoft Visual Studio Solution File, Format Version 12.00
# Visual Studio Version 16
VisualStudioVersion = 16.0.809.9
MinimumVisualStudioVersion = 10.0.40219.1
Project("{FAE04EC0-301F-11D3-BF4B-00C04F79EFBC}") = "DataGov_API", "DataGov_API\DataGov_API.csproj", "{660B7895-3E7F-45A7-85DB-481A7DCA59E1}"
EndProject
Global
	GlobalSection(SolutionConfigurationPlatforms) = preSolution
		Debug|Any CPU = Debug|Any CPU
		Release|Any CPU = Release|Any CPU
	EndGlobalSection
	GlobalSection(ProjectConfigurationPlatforms) = postSolution
		{660B7895-3E7F-45A7-85DB-481A7DCA59E1}.Debug|Any CPU.ActiveCfg = Debug|Any CPU
		{660B7895-3E7F-45A7-85DB-481A7DCA59E1}.Debug|Any CPU.Build.0 = Debug|Any CPU
		{660B7895-3E7F-45A7-85DB-481A7DCA59E1}.Release|Any CPU.ActiveCfg = Release|Any CPU
		{660B7895-3E7F-45A7-85DB-481A7DCA59E1}.Release|Any CPU.Build.0 = Release|Any CPU
	EndGlobalSection
	GlobalSection(SolutionProperties) = preSolution
		HideSolutionNode = FALSE
	EndGlobalSection
	GlobalSection(ExtensibilityGlobals) = postSolution
		SolutionGuid = {6DA2BE82-4100-42B9-974B-E00A8C712A07}
	EndGlobalSection
EndGlobal
